
Microsoft Visual Studio Solution File, Format Version 12.00
# Visual Studio Version 17
VisualStudioVersion = 17.3.32929.385
MinimumVisualStudioVersion = 10.0.40219.1
Project("{FAE04EC0-301F-11D3-BF4B-00C04F79EFBC}") = "RestartSteam", "RestartSteam\RestartSteam.csproj", "{12A247E9-76E6-49A3-AEA3-22762ABB4745}"
EndProject
Global
	GlobalSection(SolutionConfigurationPlatforms) = preSolution
		Debug|Any CPU = Debug|Any CPU
		Release|Any CPU = Release|Any CPU
	EndGlobalSection
	GlobalSection(ProjectConfigurationPlatforms) = postSolution
		{12A247E9-76E6-49A3-AEA3-22762ABB4745}.Debug|Any CPU.ActiveCfg = Debug|Any CPU
		{12A247E9-76E6-49A3-AEA3-22762ABB4745}.Debug|Any CPU.Build.0 = Debug|Any CPU
		{12A247E9-76E6-49A3-AEA3-22762ABB4745}.Release|Any CPU.ActiveCfg = Release|Any CPU
		{12A247E9-76E6-49A3-AEA3-22762ABB4745}.Release|Any CPU.Build.0 = Release|Any CPU
	EndGlobalSection
	GlobalSection(SolutionProperties) = preSolution
		HideSolutionNode = FALSE
	EndGlobalSection
	GlobalSection(ExtensibilityGlobals) = postSolution
		SolutionGuid = {CBB21DCA-D3D6-4929-8E5C-46F68C5BAB25}
	EndGlobalSection
EndGlobal
